// !$*UTF8*$!
{
	archiveVersion = 1;
	classes = {
	};
	objectVersion = 56;
	objects = {

/* Begin PBXBuildFile section */
		89040E4629C782E60031F877 /* AppDelegate.swift in Sources */ = {isa = PBXBuildFile; fileRef = 89040E4529C782E60031F877 /* AppDelegate.swift */; };
		89040E4829C782E60031F877 /* SceneDelegate.swift in Sources */ = {isa = PBXBuildFile; fileRef = 89040E4729C782E60031F877 /* SceneDelegate.swift */; };
		89040E4A29C782E60031F877 /* CheckListViewController.swift in Sources */ = {isa = PBXBuildFile; fileRef = 89040E4929C782E60031F877 /* CheckListViewController.swift */; };
		89040E4D29C782E70031F877 /* Main.storyboard in Resources */ = {isa = PBXBuildFile; fileRef = 89040E4B29C782E70031F877 /* Main.storyboard */; };
		89040E4F29C782E80031F877 /* Assets.xcassets in Resources */ = {isa = PBXBuildFile; fileRef = 89040E4E29C782E80031F877 /* Assets.xcassets */; };
		89040E5229C782E80031F877 /* LaunchScreen.storyboard in Resources */ = {isa = PBXBuildFile; fileRef = 89040E5029C782E80031F877 /* LaunchScreen.storyboard */; };
		8982B89529D2AFEA008FD761 /* AllListsViewController.swift in Sources */ = {isa = PBXBuildFile; fileRef = 8982B89429D2AFEA008FD761 /* AllListsViewController.swift */; };
		8982B89729D2B6D0008FD761 /* Checklist.swift in Sources */ = {isa = PBXBuildFile; fileRef = 8982B89629D2B6D0008FD761 /* Checklist.swift */; };
		8982B89929D2C750008FD761 /*  ListDetailViewController.swift in Sources */ = {isa = PBXBuildFile; fileRef = 8982B89829D2C750008FD761 /*  ListDetailViewController.swift */; };
		898CF17529CBD67400FBFF65 /* itemDetailViewController.swift in Sources */ = {isa = PBXBuildFile; fileRef = 898CF17429CBD67400FBFF65 /* itemDetailViewController.swift */; };
		8997A3DC29CB797500F78543 /* ChecklistItem.swift in Sources */ = {isa = PBXBuildFile; fileRef = 8997A3DB29CB797500F78543 /* ChecklistItem.swift */; };
		89F1135C29D4F3BB0084A84E /* DataModel.swift in Sources */ = {isa = PBXBuildFile; fileRef = 89F1135B29D4F3BB0084A84E /* DataModel.swift */; };
/* End PBXBuildFile section */

/* Begin PBXFileReference section */
		89040E4229C782E60031F877 /* to-do-list.app */ = {isa = PBXFileReference; explicitFileType = wrapper.application; includeInIndex = 0; path = "to-do-list.app"; sourceTree = BUILT_PRODUCTS_DIR; };
		89040E4529C782E60031F877 /* AppDelegate.swift */ = {isa = PBXFileReference; lastKnownFileType = sourcecode.swift; path = AppDelegate.swift; sourceTree = "<group>"; };
		89040E4729C782E60031F877 /* SceneDelegate.swift */ = {isa = PBXFileReference; lastKnownFileType = sourcecode.swift; path = SceneDelegate.swift; sourceTree = "<group>"; };
		89040E4929C782E60031F877 /* CheckListViewController.swift */ = {isa = PBXFileReference; lastKnownFileType = sourcecode.swift; path = CheckListViewController.swift; sourceTree = "<group>"; };
		89040E4C29C782E70031F877 /* Base */ = {isa = PBXFileReference; lastKnownFileType = file.storyboard; name = Base; path = Base.lproj/Main.storyboard; sourceTree = "<group>"; };
		89040E4E29C782E80031F877 /* Assets.xcassets */ = {isa = PBXFileReference; lastKnownFileType = folder.assetcatalog; path = Assets.xcassets; sourceTree = "<group>"; };
		89040E5129C782E80031F877 /* Base */ = {isa = PBXFileReference; lastKnownFileType = file.storyboard; name = Base; path = Base.lproj/LaunchScreen.storyboard; sourceTree = "<group>"; };
		89040E5329C782E80031F877 /* Info.plist */ = {isa = PBXFileReference; lastKnownFileType = text.plist.xml; path = Info.plist; sourceTree = "<group>"; };
		8982B89429D2AFEA008FD761 /* AllListsViewController.swift */ = {isa = PBXFileReference; lastKnownFileType = sourcecode.swift; path = AllListsViewController.swift; sourceTree = "<group>"; };
		8982B89629D2B6D0008FD761 /* Checklist.swift */ = {isa = PBXFileReference; lastKnownFileType = sourcecode.swift; path = Checklist.swift; sourceTree = "<group>"; };
		8982B89829D2C750008FD761 /*  ListDetailViewController.swift */ = {isa = PBXFileReference; lastKnownFileType = sourcecode.swift; path = " ListDetailViewController.swift"; sourceTree = "<group>"; };
		898CF17429CBD67400FBFF65 /* itemDetailViewController.swift */ = {isa = PBXFileReference; lastKnownFileType = sourcecode.swift; path = itemDetailViewController.swift; sourceTree = "<group>"; };
		8997A3DB29CB797500F78543 /* ChecklistItem.swift */ = {isa = PBXFileReference; lastKnownFileType = sourcecode.swift; path = ChecklistItem.swift; sourceTree = "<group>"; };
		89F1135B29D4F3BB0084A84E /* DataModel.swift */ = {isa = PBXFileReference; lastKnownFileType = sourcecode.swift; path = DataModel.swift; sourceTree = "<group>"; };
/* End PBXFileReference section */

/* Begin PBXFrameworksBuildPhase section */
		89040E3F29C782E60031F877 /* Frameworks */ = {
			isa = PBXFrameworksBuildPhase;
			buildActionMask = 2147483647;
			files = (
			);
			runOnlyForDeploymentPostprocessing = 0;
		};
/* End PBXFrameworksBuildPhase section */

/* Begin PBXGroup section */
		89040E3929C782E60031F877 = {
			isa = PBXGroup;
			children = (
				89040E4429C782E60031F877 /* to-do-list */,
				89040E4329C782E60031F877 /* Products */,
			);
			sourceTree = "<group>";
		};
		89040E4329C782E60031F877 /* Products */ = {
			isa = PBXGroup;
			children = (
				89040E4229C782E60031F877 /* to-do-list.app */,
			);
			name = Products;
			sourceTree = "<group>";
		};
		89040E4429C782E60031F877 /* to-do-list */ = {
			isa = PBXGroup;
			children = (
				89B6273729D7826A003C1671 /* Resourses */,
				89B6273629D78253003C1671 /* View Controllers */,
				89B6273529D78235003C1671 /* Data Models */,
				89040E4529C782E60031F877 /* AppDelegate.swift */,
				89040E5329C782E80031F877 /* Info.plist */,
				89040E4729C782E60031F877 /* SceneDelegate.swift */,
			);
			path = "to-do-list";
			sourceTree = "<group>";
		};
		89B6273529D78235003C1671 /* Data Models */ = {
			isa = PBXGroup;
			children = (
				8982B89629D2B6D0008FD761 /* Checklist.swift */,
				8997A3DB29CB797500F78543 /* ChecklistItem.swift */,
				89F1135B29D4F3BB0084A84E /* DataModel.swift */,
			);
			path = "Data Models";
			sourceTree = "<group>";
		};
		89B6273629D78253003C1671 /* View Controllers */ = {
			isa = PBXGroup;
			children = (
				8982B89829D2C750008FD761 /*  ListDetailViewController.swift */,
				8982B89429D2AFEA008FD761 /* AllListsViewController.swift */,
				89040E4929C782E60031F877 /* CheckListViewController.swift */,
				898CF17429CBD67400FBFF65 /* itemDetailViewController.swift */,
			);
			path = "View Controllers";
			sourceTree = "<group>";
		};
		89B6273729D7826A003C1671 /* Resourses */ = {
			isa = PBXGroup;
			children = (
				89040E4E29C782E80031F877 /* Assets.xcassets */,
				89040E5029C782E80031F877 /* LaunchScreen.storyboard */,
				89040E4B29C782E70031F877 /* Main.storyboard */,
			);
			name = Resourses;
			sourceTree = "<group>";
		};
/* End PBXGroup section */

/* Begin PBXNativeTarget section */
		89040E4129C782E60031F877 /* to-do-list */ = {
			isa = PBXNativeTarget;
			buildConfigurationList = 89040E5629C782E90031F877 /* Build configuration list for PBXNativeTarget "to-do-list" */;
			buildPhases = (
				89040E3E29C782E60031F877 /* Sources */,
				89040E3F29C782E60031F877 /* Frameworks */,
				89040E4029C782E60031F877 /* Resources */,
			);
			buildRules = (
			);
			dependencies = (
			);
			name = "to-do-list";
			productName = "to-do-list";
			productReference = 89040E4229C782E60031F877 /* to-do-list.app */;
			productType = "com.apple.product-type.application";
		};
/* End PBXNativeTarget section */

/* Begin PBXProject section */
		89040E3A29C782E60031F877 /* Project object */ = {
			isa = PBXProject;
			attributes = {
				BuildIndependentTargetsInParallel = 1;
				LastSwiftUpdateCheck = 1420;
				LastUpgradeCheck = 1420;
				TargetAttributes = {
					89040E4129C782E60031F877 = {
						CreatedOnToolsVersion = 14.2;
					};
				};
			};
			buildConfigurationList = 89040E3D29C782E60031F877 /* Build configuration list for PBXProject "to-do-list" */;
			compatibilityVersion = "Xcode 14.0";
			developmentRegion = en;
			hasScannedForEncodings = 0;
			knownRegions = (
				en,
				Base,
			);
			mainGroup = 89040E3929C782E60031F877;
			productRefGroup = 89040E4329C782E60031F877 /* Products */;
			projectDirPath = "";
			projectRoot = "";
			targets = (
				89040E4129C782E60031F877 /* to-do-list */,
			);
		};
/* End PBXProject section */

/* Begin PBXResourcesBuildPhase section */
		89040E4029C782E60031F877 /* Resources */ = {
			isa = PBXResourcesBuildPhase;
			buildActionMask = 2147483647;
			files = (
				89040E5229C782E80031F877 /* LaunchScreen.storyboard in Resources */,
				89040E4F29C782E80031F877 /* Assets.xcassets in Resources */,
				89040E4D29C782E70031F877 /* Main.storyboard in Resources */,
			);
			runOnlyForDeploymentPostprocessing = 0;
		};
/* End PBXResourcesBuildPhase section */

/* Begin PBXSourcesBuildPhase section */
		89040E3E29C782E60031F877 /* Sources */ = {
			isa = PBXSourcesBuildPhase;
			buildActionMask = 2147483647;
			files = (
				8982B89929D2C750008FD761 /*  ListDetailViewController.swift in Sources */,
				898CF17529CBD67400FBFF65 /* itemDetailViewController.swift in Sources */,
				89040E4A29C782E60031F877 /* CheckListViewController.swift in Sources */,
				8982B89529D2AFEA008FD761 /* AllListsViewController.swift in Sources */,
				89040E4629C782E60031F877 /* AppDelegate.swift in Sources */,
				89040E4829C782E60031F877 /* SceneDelegate.swift in Sources */,
				8997A3DC29CB797500F78543 /* ChecklistItem.swift in Sources */,
				8982B89729D2B6D0008FD761 /* Checklist.swift in Sources */,
				89F1135C29D4F3BB0084A84E /* DataModel.swift in Sources */,
			);
			runOnlyForDeploymentPostprocessing = 0;
		};
/* End PBXSourcesBuildPhase section */

/* Begin PBXVariantGroup section */
		89040E4B29C782E70031F877 /* Main.storyboard */ = {
			isa = PBXVariantGroup;
			children = (
				89040E4C29C782E70031F877 /* Base */,
			);
			name = Main.storyboard;
			sourceTree = "<group>";
		};
		89040E5029C782E80031F877 /* LaunchScreen.storyboard */ = {
			isa = PBXVariantGroup;
			children = (
				89040E5129C782E80031F877 /* Base */,
			);
			name = LaunchScreen.storyboard;
			sourceTree = "<group>";
		};
/* End PBXVariantGroup section */

/* Begin XCBuildConfiguration section */
		89040E5429C782E80031F877 /* Debug */ = {
			isa = XCBuildConfiguration;
			buildSettings = {
				ALWAYS_SEARCH_USER_PATHS = NO;
				CLANG_ANALYZER_NONNULL = YES;
				CLANG_ANALYZER_NUMBER_OBJECT_CONVERSION = YES_AGGRESSIVE;
				CLANG_CXX_LANGUAGE_STANDARD = "gnu++20";
				CLANG_ENABLE_MODULES = YES;
				CLANG_ENABLE_OBJC_ARC = YES;
				CLANG_ENABLE_OBJC_WEAK = YES;
				CLANG_WARN_BLOCK_CAPTURE_AUTORELEASING = YES;
				CLANG_WARN_BOOL_CONVERSION = YES;
				CLANG_WARN_COMMA = YES;
				CLANG_WARN_CONSTANT_CONVERSION = YES;
				CLANG_WARN_DEPRECATED_OBJC_IMPLEMENTATIONS = YES;
				CLANG_WARN_DIRECT_OBJC_ISA_USAGE = YES_ERROR;
				CLANG_WARN_DOCUMENTATION_COMMENTS = YES;
				CLANG_WARN_EMPTY_BODY = YES;
				CLANG_WARN_ENUM_CONVERSION = YES;
				CLANG_WARN_INFINITE_RECURSION = YES;
				CLANG_WARN_INT_CONVERSION = YES;
				CLANG_WARN_NON_LITERAL_NULL_CONVERSION = YES;
				CLANG_WARN_OBJC_IMPLICIT_RETAIN_SELF = YES;
				CLANG_WARN_OBJC_LITERAL_CONVERSION = YES;
				CLANG_WARN_OBJC_ROOT_CLASS = YES_ERROR;
				CLANG_WARN_QUOTED_INCLUDE_IN_FRAMEWORK_HEADER = YES;
				CLANG_WARN_RANGE_LOOP_ANALYSIS = YES;
				CLANG_WARN_STRICT_PROTOTYPES = YES;
				CLANG_WARN_SUSPICIOUS_MOVE = YES;
				CLANG_WARN_UNGUARDED_AVAILABILITY = YES_AGGRESSIVE;
				CLANG_WARN_UNREACHABLE_CODE = YES;
				CLANG_WARN__DUPLICATE_METHOD_MATCH = YES;
				COPY_PHASE_STRIP = NO;
				DEBUG_INFORMATION_FORMAT = dwarf;
				ENABLE_STRICT_OBJC_MSGSEND = YES;
				ENABLE_TESTABILITY = YES;
				GCC_C_LANGUAGE_STANDARD = gnu11;
				GCC_DYNAMIC_NO_PIC = NO;
				GCC_NO_COMMON_BLOCKS = YES;
				GCC_OPTIMIZATION_LEVEL = 0;
				GCC_PREPROCESSOR_DEFINITIONS = (
					"DEBUG=1",
					"$(inherited)",
				);
				GCC_WARN_64_TO_32_BIT_CONVERSION = YES;
				GCC_WARN_ABOUT_RETURN_TYPE = YES_ERROR;
				GCC_WARN_UNDECLARED_SELECTOR = YES;
				GCC_WARN_UNINITIALIZED_AUTOS = YES_AGGRESSIVE;
				GCC_WARN_UNUSED_FUNCTION = YES;
				GCC_WARN_UNUSED_VARIABLE = YES;
				IPHONEOS_DEPLOYMENT_TARGET = 16.2;
				MTL_ENABLE_DEBUG_INFO = INCLUDE_SOURCE;
				MTL_FAST_MATH = YES;
				ONLY_ACTIVE_ARCH = YES;
				SDKROOT = iphoneos;
				SWIFT_ACTIVE_COMPILATION_CONDITIONS = DEBUG;
				SWIFT_OPTIMIZATION_LEVEL = "-Onone";
			};
			name = Debug;
		};
		89040E5529C782E80031F877 /* Release */ = {
			isa = XCBuildConfiguration;
			buildSettings = {
				ALWAYS_SEARCH_USER_PATHS = NO;
				CLANG_ANALYZER_NONNULL = YES;
				CLANG_ANALYZER_NUMBER_OBJECT_CONVERSION = YES_AGGRESSIVE;
				CLANG_CXX_LANGUAGE_STANDARD = "gnu++20";
				CLANG_ENABLE_MODULES = YES;
				CLANG_ENABLE_OBJC_ARC = YES;
				CLANG_ENABLE_OBJC_WEAK = YES;
				CLANG_WARN_BLOCK_CAPTURE_AUTORELEASING = YES;
				CLANG_WARN_BOOL_CONVERSION = YES;
				CLANG_WARN_COMMA = YES;
				CLANG_WARN_CONSTANT_CONVERSION = YES;
				CLANG_WARN_DEPRECATED_OBJC_IMPLEMENTATIONS = YES;
				CLANG_WARN_DIRECT_OBJC_ISA_USAGE = YES_ERROR;
				CLANG_WARN_DOCUMENTATION_COMMENTS = YES;
				CLANG_WARN_EMPTY_BODY = YES;
				CLANG_WARN_ENUM_CONVERSION = YES;
				CLANG_WARN_INFINITE_RECURSION = YES;
				CLANG_WARN_INT_CONVERSION = YES;
				CLANG_WARN_NON_LITERAL_NULL_CONVERSION = YES;
				CLANG_WARN_OBJC_IMPLICIT_RETAIN_SELF = YES;
				CLANG_WARN_OBJC_LITERAL_CONVERSION = YES;
				CLANG_WARN_OBJC_ROOT_CLASS = YES_ERROR;
				CLANG_WARN_QUOTED_INCLUDE_IN_FRAMEWORK_HEADER = YES;
				CLANG_WARN_RANGE_LOOP_ANALYSIS = YES;
				CLANG_WARN_STRICT_PROTOTYPES = YES;
				CLANG_WARN_SUSPICIOUS_MOVE = YES;
				CLANG_WARN_UNGUARDED_AVAILABILITY = YES_AGGRESSIVE;
				CLANG_WARN_UNREACHABLE_CODE = YES;
				CLANG_WARN__DUPLICATE_METHOD_MATCH = YES;
				COPY_PHASE_STRIP = NO;
				DEBUG_INFORMATION_FORMAT = "dwarf-with-dsym";
				ENABLE_NS_ASSERTIONS = NO;
				ENABLE_STRICT_OBJC_MSGSEND = YES;
				GCC_C_LANGUAGE_STANDARD = gnu11;
				GCC_NO_COMMON_BLOCKS = YES;
				GCC_WARN_64_TO_32_BIT_CONVERSION = YES;
				GCC_WARN_ABOUT_RETURN_TYPE = YES_ERROR;
				GCC_WARN_UNDECLARED_SELECTOR = YES;
				GCC_WARN_UNINITIALIZED_AUTOS = YES_AGGRESSIVE;
				GCC_WARN_UNUSED_FUNCTION = YES;
				GCC_WARN_UNUSED_VARIABLE = YES;
				IPHONEOS_DEPLOYMENT_TARGET = 16.2;
				MTL_ENABLE_DEBUG_INFO = NO;
				MTL_FAST_MATH = YES;
				SDKROOT = iphoneos;
				SWIFT_COMPILATION_MODE = wholemodule;
				SWIFT_OPTIMIZATION_LEVEL = "-O";
				VALIDATE_PRODUCT = YES;
			};
			name = Release;
		};
		89040E5729C782E90031F877 /* Debug */ = {
			isa = XCBuildConfiguration;
			buildSettings = {
				ASSETCATALOG_COMPILER_APPICON_NAME = AppIcon;
				ASSETCATALOG_COMPILER_GLOBAL_ACCENT_COLOR_NAME = AccentColor;
				CODE_SIGN_STYLE = Automatic;
				CURRENT_PROJECT_VERSION = 1;
				GENERATE_INFOPLIST_FILE = YES;
				INFOPLIST_FILE = "to-do-list/Info.plist";
				INFOPLIST_KEY_UIApplicationSupportsIndirectInputEvents = YES;
				INFOPLIST_KEY_UILaunchStoryboardName = LaunchScreen;
				INFOPLIST_KEY_UIMainStoryboardFile = Main;
				INFOPLIST_KEY_UISupportedInterfaceOrientations = UIInterfaceOrientationPortrait;
				LD_RUNPATH_SEARCH_PATHS = (
					"$(inherited)",
					"@executable_path/Frameworks",
				);
				MARKETING_VERSION = 1.0;
				PRODUCT_BUNDLE_IDENTIFIER = "hatem.to-do-list";
				PRODUCT_NAME = "$(TARGET_NAME)";
				SUPPORTED_PLATFORMS = "iphoneos iphonesimulator";
				SUPPORTS_MACCATALYST = NO;
				SUPPORTS_MAC_DESIGNED_FOR_IPHONE_IPAD = YES;
				SWIFT_EMIT_LOC_STRINGS = YES;
				SWIFT_VERSION = 5.0;
				TARGETED_DEVICE_FAMILY = 1;
			};
			name = Debug;
		};
		89040E5829C782E90031F877 /* Release */ = {
			isa = XCBuildConfiguration;
			buildSettings = {
				ASSETCATALOG_COMPILER_APPICON_NAME = AppIcon;
				ASSETCATALOG_COMPILER_GLOBAL_ACCENT_COLOR_NAME = AccentColor;
				CODE_SIGN_STYLE = Automatic;
				CURRENT_PROJECT_VERSION = 1;
				GENERATE_INFOPLIST_FILE = YES;
				INFOPLIST_FILE = "to-do-list/Info.plist";
				INFOPLIST_KEY_UIApplicationSupportsIndirectInputEvents = YES;
				INFOPLIST_KEY_UILaunchStoryboardName = LaunchScreen;
				INFOPLIST_KEY_UIMainStoryboardFile = Main;
				INFOPLIST_KEY_UISupportedInterfaceOrientations = UIInterfaceOrientationPortrait;
				LD_RUNPATH_SEARCH_PATHS = (
					"$(inherited)",
					"@executable_path/Frameworks",
				);
				MARKETING_VERSION = 1.0;
				PRODUCT_BUNDLE_IDENTIFIER = "hatem.to-do-list";
				PRODUCT_NAME = "$(TARGET_NAME)";
				SUPPORTED_PLATFORMS = "iphoneos iphonesimulator";
				SUPPORTS_MACCATALYST = NO;
				SUPPORTS_MAC_DESIGNED_FOR_IPHONE_IPAD = YES;
				SWIFT_EMIT_LOC_STRINGS = YES;
				SWIFT_VERSION = 5.0;
				TARGETED_DEVICE_FAMILY = 1;
			};
			name = Release;
		};
/* End XCBuildConfiguration section */

/* Begin XCConfigurationList section */
		89040E3D29C782E60031F877 /* Build configuration list for PBXProject "to-do-list" */ = {
			isa = XCConfigurationList;
			buildConfigurations = (
				89040E5429C782E80031F877 /* Debug */,
				89040E5529C782E80031F877 /* Release */,
			);
			defaultConfigurationIsVisible = 0;
			defaultConfigurationName = Release;
		};
		89040E5629C782E90031F877 /* Build configuration list for PBXNativeTarget "to-do-list" */ = {
			isa = XCConfigurationList;
			buildConfigurations = (
				89040E5729C782E90031F877 /* Debug */,
				89040E5829C782E90031F877 /* Release */,
			);
			defaultConfigurationIsVisible = 0;
			defaultConfigurationName = Release;
		};
/* End XCConfigurationList section */
	};
	rootObject = 89040E3A29C782E60031F877 /* Project object */;
}
